// !$*UTF8*$!
{
	archiveVersion = 1;
	classes = {
	};
	objectVersion = 50;
	objects = {

/* Begin PBXBuildFile section */
		41561FC623EB59AF00AAF8E7 /* AppDelegate.swift in Sources */ = {isa = PBXBuildFile; fileRef = 41561FC523EB59AF00AAF8E7 /* AppDelegate.swift */; };
		41561FC823EB59AF00AAF8E7 /* SceneDelegate.swift in Sources */ = {isa = PBXBuildFile; fileRef = 41561FC723EB59AF00AAF8E7 /* SceneDelegate.swift */; };
		41561FCA23EB59AF00AAF8E7 /* CharactersListViewController.swift in Sources */ = {isa = PBXBuildFile; fileRef = 41561FC923EB59AF00AAF8E7 /* CharactersListViewController.swift */; };
		41561FCF23EB59B100AAF8E7 /* Assets.xcassets in Resources */ = {isa = PBXBuildFile; fileRef = 41561FCE23EB59B100AAF8E7 /* Assets.xcassets */; };
		41561FD223EB59B100AAF8E7 /* LaunchScreen.storyboard in Resources */ = {isa = PBXBuildFile; fileRef = 41561FD023EB59B100AAF8E7 /* LaunchScreen.storyboard */; };
		41561FDD23EB59B100AAF8E7 /* MarvelAppTests.swift in Sources */ = {isa = PBXBuildFile; fileRef = 41561FDC23EB59B100AAF8E7 /* MarvelAppTests.swift */; };
		41561FE823EB59B100AAF8E7 /* MarvelAppUITests.swift in Sources */ = {isa = PBXBuildFile; fileRef = 41561FE723EB59B100AAF8E7 /* MarvelAppUITests.swift */; };
		41CD150223EB90BD00008951 /* MarvelApiError.swift in Sources */ = {isa = PBXBuildFile; fileRef = 41CD150123EB90BD00008951 /* MarvelApiError.swift */; };
		41CD150423EB91D100008951 /* MarvelApiEndpoint.swift in Sources */ = {isa = PBXBuildFile; fileRef = 41CD150323EB91D100008951 /* MarvelApiEndpoint.swift */; };
		41CD150623EB92E000008951 /* MarvelApiConfig.swift in Sources */ = {isa = PBXBuildFile; fileRef = 41CD150523EB92E000008951 /* MarvelApiConfig.swift */; };
		41CD150823EB977600008951 /* String+md5.swift in Sources */ = {isa = PBXBuildFile; fileRef = 41CD150723EB977600008951 /* String+md5.swift */; };
		41CD150A23EB9AC200008951 /* MarvelApiProvider.swift in Sources */ = {isa = PBXBuildFile; fileRef = 41CD150923EB9AC200008951 /* MarvelApiProvider.swift */; };
		41CD150E23EB9DFD00008951 /* DataPackage.swift in Sources */ = {isa = PBXBuildFile; fileRef = 41CD150D23EB9DFD00008951 /* DataPackage.swift */; };
		41CD151223EB9F8A00008951 /* Character.swift in Sources */ = {isa = PBXBuildFile; fileRef = 41CD151123EB9F8A00008951 /* Character.swift */; };
		41CD151423EBA06400008951 /* Comic.swift in Sources */ = {isa = PBXBuildFile; fileRef = 41CD151323EBA06400008951 /* Comic.swift */; };
		41CD151823EBA20900008951 /* ThumbImage.swift in Sources */ = {isa = PBXBuildFile; fileRef = 41CD151723EBA20900008951 /* ThumbImage.swift */; };
		41CD152023EBBECE00008951 /* CharactersListViewController.xib in Resources */ = {isa = PBXBuildFile; fileRef = 41CD151F23EBBECE00008951 /* CharactersListViewController.xib */; };
		41CD152323EBC21C00008951 /* CharacterCollectionViewCell.xib in Resources */ = {isa = PBXBuildFile; fileRef = 41CD152223EBC21C00008951 /* CharacterCollectionViewCell.xib */; };
		41CD152723EBC2D100008951 /* CharacterCollectionViewCell.swift in Sources */ = {isa = PBXBuildFile; fileRef = 41CD152623EBC2D100008951 /* CharacterCollectionViewCell.swift */; };
		41CD152923EBC43F00008951 /* CharactersListPresenter.swift in Sources */ = {isa = PBXBuildFile; fileRef = 41CD152823EBC43F00008951 /* CharactersListPresenter.swift */; };
/* End PBXBuildFile section */

/* Begin PBXContainerItemProxy section */
		41561FD923EB59B100AAF8E7 /* PBXContainerItemProxy */ = {
			isa = PBXContainerItemProxy;
			containerPortal = 41561FBA23EB59AF00AAF8E7 /* Project object */;
			proxyType = 1;
			remoteGlobalIDString = 41561FC123EB59AF00AAF8E7;
			remoteInfo = MarvelApp;
		};
		41561FE423EB59B100AAF8E7 /* PBXContainerItemProxy */ = {
			isa = PBXContainerItemProxy;
			containerPortal = 41561FBA23EB59AF00AAF8E7 /* Project object */;
			proxyType = 1;
			remoteGlobalIDString = 41561FC123EB59AF00AAF8E7;
			remoteInfo = MarvelApp;
		};
/* End PBXContainerItemProxy section */

/* Begin PBXFileReference section */
		41561FC223EB59AF00AAF8E7 /* MarvelApp.app */ = {isa = PBXFileReference; explicitFileType = wrapper.application; includeInIndex = 0; path = MarvelApp.app; sourceTree = BUILT_PRODUCTS_DIR; };
		41561FC523EB59AF00AAF8E7 /* AppDelegate.swift */ = {isa = PBXFileReference; lastKnownFileType = sourcecode.swift; path = AppDelegate.swift; sourceTree = "<group>"; };
		41561FC723EB59AF00AAF8E7 /* SceneDelegate.swift */ = {isa = PBXFileReference; lastKnownFileType = sourcecode.swift; path = SceneDelegate.swift; sourceTree = "<group>"; };
		41561FC923EB59AF00AAF8E7 /* CharactersListViewController.swift */ = {isa = PBXFileReference; lastKnownFileType = sourcecode.swift; path = CharactersListViewController.swift; sourceTree = "<group>"; };
		41561FCE23EB59B100AAF8E7 /* Assets.xcassets */ = {isa = PBXFileReference; lastKnownFileType = folder.assetcatalog; path = Assets.xcassets; sourceTree = "<group>"; };
		41561FD123EB59B100AAF8E7 /* Base */ = {isa = PBXFileReference; lastKnownFileType = file.storyboard; name = Base; path = Base.lproj/LaunchScreen.storyboard; sourceTree = "<group>"; };
		41561FD323EB59B100AAF8E7 /* Info.plist */ = {isa = PBXFileReference; lastKnownFileType = text.plist.xml; path = Info.plist; sourceTree = "<group>"; };
		41561FD823EB59B100AAF8E7 /* MarvelAppTests.xctest */ = {isa = PBXFileReference; explicitFileType = wrapper.cfbundle; includeInIndex = 0; path = MarvelAppTests.xctest; sourceTree = BUILT_PRODUCTS_DIR; };
		41561FDC23EB59B100AAF8E7 /* MarvelAppTests.swift */ = {isa = PBXFileReference; lastKnownFileType = sourcecode.swift; path = MarvelAppTests.swift; sourceTree = "<group>"; };
		41561FDE23EB59B100AAF8E7 /* Info.plist */ = {isa = PBXFileReference; lastKnownFileType = text.plist.xml; path = Info.plist; sourceTree = "<group>"; };
		41561FE323EB59B100AAF8E7 /* MarvelAppUITests.xctest */ = {isa = PBXFileReference; explicitFileType = wrapper.cfbundle; includeInIndex = 0; path = MarvelAppUITests.xctest; sourceTree = BUILT_PRODUCTS_DIR; };
		41561FE723EB59B100AAF8E7 /* MarvelAppUITests.swift */ = {isa = PBXFileReference; lastKnownFileType = sourcecode.swift; path = MarvelAppUITests.swift; sourceTree = "<group>"; };
		41561FE923EB59B100AAF8E7 /* Info.plist */ = {isa = PBXFileReference; lastKnownFileType = text.plist.xml; path = Info.plist; sourceTree = "<group>"; };
		41CD150123EB90BD00008951 /* MarvelApiError.swift */ = {isa = PBXFileReference; lastKnownFileType = sourcecode.swift; path = MarvelApiError.swift; sourceTree = "<group>"; };
		41CD150323EB91D100008951 /* MarvelApiEndpoint.swift */ = {isa = PBXFileReference; lastKnownFileType = sourcecode.swift; path = MarvelApiEndpoint.swift; sourceTree = "<group>"; };
		41CD150523EB92E000008951 /* MarvelApiConfig.swift */ = {isa = PBXFileReference; lastKnownFileType = sourcecode.swift; path = MarvelApiConfig.swift; sourceTree = "<group>"; };
		41CD150723EB977600008951 /* String+md5.swift */ = {isa = PBXFileReference; lastKnownFileType = sourcecode.swift; path = "String+md5.swift"; sourceTree = "<group>"; };
		41CD150923EB9AC200008951 /* MarvelApiProvider.swift */ = {isa = PBXFileReference; lastKnownFileType = sourcecode.swift; path = MarvelApiProvider.swift; sourceTree = "<group>"; };
		41CD150D23EB9DFD00008951 /* DataPackage.swift */ = {isa = PBXFileReference; lastKnownFileType = sourcecode.swift; path = DataPackage.swift; sourceTree = "<group>"; };
		41CD151123EB9F8A00008951 /* Character.swift */ = {isa = PBXFileReference; lastKnownFileType = sourcecode.swift; path = Character.swift; sourceTree = "<group>"; };
		41CD151323EBA06400008951 /* Comic.swift */ = {isa = PBXFileReference; lastKnownFileType = sourcecode.swift; path = Comic.swift; sourceTree = "<group>"; };
		41CD151723EBA20900008951 /* ThumbImage.swift */ = {isa = PBXFileReference; lastKnownFileType = sourcecode.swift; path = ThumbImage.swift; sourceTree = "<group>"; };
		41CD151F23EBBECE00008951 /* CharactersListViewController.xib */ = {isa = PBXFileReference; lastKnownFileType = file.xib; path = CharactersListViewController.xib; sourceTree = "<group>"; };
		41CD152223EBC21C00008951 /* CharacterCollectionViewCell.xib */ = {isa = PBXFileReference; lastKnownFileType = file.xib; path = CharacterCollectionViewCell.xib; sourceTree = "<group>"; };
		41CD152623EBC2D100008951 /* CharacterCollectionViewCell.swift */ = {isa = PBXFileReference; lastKnownFileType = sourcecode.swift; path = CharacterCollectionViewCell.swift; sourceTree = "<group>"; };
		41CD152823EBC43F00008951 /* CharactersListPresenter.swift */ = {isa = PBXFileReference; lastKnownFileType = sourcecode.swift; path = CharactersListPresenter.swift; sourceTree = "<group>"; };
/* End PBXFileReference section */

/* Begin PBXFrameworksBuildPhase section */
		41561FBF23EB59AF00AAF8E7 /* Frameworks */ = {
			isa = PBXFrameworksBuildPhase;
			buildActionMask = 2147483647;
			files = (
			);
			runOnlyForDeploymentPostprocessing = 0;
		};
		41561FD523EB59B100AAF8E7 /* Frameworks */ = {
			isa = PBXFrameworksBuildPhase;
			buildActionMask = 2147483647;
			files = (
			);
			runOnlyForDeploymentPostprocessing = 0;
		};
		41561FE023EB59B100AAF8E7 /* Frameworks */ = {
			isa = PBXFrameworksBuildPhase;
			buildActionMask = 2147483647;
			files = (
			);
			runOnlyForDeploymentPostprocessing = 0;
		};
/* End PBXFrameworksBuildPhase section */

/* Begin PBXGroup section */
		41561FB923EB59AF00AAF8E7 = {
			isa = PBXGroup;
			children = (
				41561FC423EB59AF00AAF8E7 /* MarvelApp */,
				41561FDB23EB59B100AAF8E7 /* MarvelAppTests */,
				41561FE623EB59B100AAF8E7 /* MarvelAppUITests */,
				41561FC323EB59AF00AAF8E7 /* Products */,
			);
			sourceTree = "<group>";
		};
		41561FC323EB59AF00AAF8E7 /* Products */ = {
			isa = PBXGroup;
			children = (
				41561FC223EB59AF00AAF8E7 /* MarvelApp.app */,
				41561FD823EB59B100AAF8E7 /* MarvelAppTests.xctest */,
				41561FE323EB59B100AAF8E7 /* MarvelAppUITests.xctest */,
			);
			name = Products;
			sourceTree = "<group>";
		};
		41561FC423EB59AF00AAF8E7 /* MarvelApp */ = {
			isa = PBXGroup;
			children = (
				41561FF923EB8EC600AAF8E7 /* Extensions */,
				41CD150C23EB9DE400008951 /* Model */,
				41561FF523EB8E5400AAF8E7 /* Features */,
				41561FF623EB8E6200AAF8E7 /* Service */,
				41561FF823EB8EB900AAF8E7 /* Storyboards */,
				41561FF723EB8EA400AAF8E7 /* SupportingFiles */,
				41561FD323EB59B100AAF8E7 /* Info.plist */,
			);
			path = MarvelApp;
			sourceTree = "<group>";
		};
		41561FDB23EB59B100AAF8E7 /* MarvelAppTests */ = {
			isa = PBXGroup;
			children = (
				41561FDC23EB59B100AAF8E7 /* MarvelAppTests.swift */,
				41561FDE23EB59B100AAF8E7 /* Info.plist */,
			);
			path = MarvelAppTests;
			sourceTree = "<group>";
		};
		41561FE623EB59B100AAF8E7 /* MarvelAppUITests */ = {
			isa = PBXGroup;
			children = (
				41561FE723EB59B100AAF8E7 /* MarvelAppUITests.swift */,
				41561FE923EB59B100AAF8E7 /* Info.plist */,
			);
			path = MarvelAppUITests;
			sourceTree = "<group>";
		};
		41561FF523EB8E5400AAF8E7 /* Features */ = {
			isa = PBXGroup;
			children = (
				41CD151923EBA65200008951 /* CharactersList */,
				41CD151A23EBA66000008951 /* CharacterDetails */,
			);
			path = Features;
			sourceTree = "<group>";
		};
		41561FF623EB8E6200AAF8E7 /* Service */ = {
			isa = PBXGroup;
			children = (
				41CD150123EB90BD00008951 /* MarvelApiError.swift */,
				41CD150323EB91D100008951 /* MarvelApiEndpoint.swift */,
				41CD150523EB92E000008951 /* MarvelApiConfig.swift */,
				41CD150923EB9AC200008951 /* MarvelApiProvider.swift */,
			);
			path = Service;
			sourceTree = "<group>";
		};
		41561FF723EB8EA400AAF8E7 /* SupportingFiles */ = {
			isa = PBXGroup;
			children = (
				41561FC523EB59AF00AAF8E7 /* AppDelegate.swift */,
				41561FC723EB59AF00AAF8E7 /* SceneDelegate.swift */,
				41561FCE23EB59B100AAF8E7 /* Assets.xcassets */,
			);
			path = SupportingFiles;
			sourceTree = "<group>";
		};
		41561FF823EB8EB900AAF8E7 /* Storyboards */ = {
			isa = PBXGroup;
			children = (
				41561FD023EB59B100AAF8E7 /* LaunchScreen.storyboard */,
			);
			path = Storyboards;
			sourceTree = "<group>";
		};
		41561FF923EB8EC600AAF8E7 /* Extensions */ = {
			isa = PBXGroup;
			children = (
				41CD150723EB977600008951 /* String+md5.swift */,
			);
			path = Extensions;
			sourceTree = "<group>";
		};
		41CD150C23EB9DE400008951 /* Model */ = {
			isa = PBXGroup;
			children = (
				41CD150D23EB9DFD00008951 /* DataPackage.swift */,
				41CD151123EB9F8A00008951 /* Character.swift */,
				41CD151323EBA06400008951 /* Comic.swift */,
				41CD151723EBA20900008951 /* ThumbImage.swift */,
			);
			path = Model;
			sourceTree = "<group>";
		};
		41CD151923EBA65200008951 /* CharactersList */ = {
			isa = PBXGroup;
			children = (
				41CD151B23EBA67100008951 /* Presenter */,
				41CD151C23EBA67900008951 /* View */,
			);
			path = CharactersList;
			sourceTree = "<group>";
		};
		41CD151A23EBA66000008951 /* CharacterDetails */ = {
			isa = PBXGroup;
			children = (
				41CD151E23EBA68F00008951 /* Presenter */,
				41CD151D23EBA68900008951 /* View */,
			);
			path = CharacterDetails;
			sourceTree = "<group>";
		};
		41CD151B23EBA67100008951 /* Presenter */ = {
			isa = PBXGroup;
			children = (
				41CD152823EBC43F00008951 /* CharactersListPresenter.swift */,
			);
			path = Presenter;
			sourceTree = "<group>";
		};
		41CD151C23EBA67900008951 /* View */ = {
			isa = PBXGroup;
			children = (
				41CD152123EBC1F200008951 /* Cell */,
				41561FC923EB59AF00AAF8E7 /* CharactersListViewController.swift */,
				41CD151F23EBBECE00008951 /* CharactersListViewController.xib */,
			);
			path = View;
			sourceTree = "<group>";
		};
		41CD151D23EBA68900008951 /* View */ = {
			isa = PBXGroup;
			children = (
			);
			path = View;
			sourceTree = "<group>";
		};
		41CD151E23EBA68F00008951 /* Presenter */ = {
			isa = PBXGroup;
			children = (
			);
			path = Presenter;
			sourceTree = "<group>";
		};
		41CD152123EBC1F200008951 /* Cell */ = {
			isa = PBXGroup;
			children = (
				41CD152223EBC21C00008951 /* CharacterCollectionViewCell.xib */,
				41CD152623EBC2D100008951 /* CharacterCollectionViewCell.swift */,
			);
			path = Cell;
			sourceTree = "<group>";
		};
/* End PBXGroup section */

/* Begin PBXNativeTarget section */
		41561FC123EB59AF00AAF8E7 /* MarvelApp */ = {
			isa = PBXNativeTarget;
			buildConfigurationList = 41561FEC23EB59B100AAF8E7 /* Build configuration list for PBXNativeTarget "MarvelApp" */;
			buildPhases = (
				41561FBE23EB59AF00AAF8E7 /* Sources */,
				41561FBF23EB59AF00AAF8E7 /* Frameworks */,
				41561FC023EB59AF00AAF8E7 /* Resources */,
			);
			buildRules = (
			);
			dependencies = (
			);
			name = MarvelApp;
			productName = MarvelApp;
			productReference = 41561FC223EB59AF00AAF8E7 /* MarvelApp.app */;
			productType = "com.apple.product-type.application";
		};
		41561FD723EB59B100AAF8E7 /* MarvelAppTests */ = {
			isa = PBXNativeTarget;
			buildConfigurationList = 41561FEF23EB59B100AAF8E7 /* Build configuration list for PBXNativeTarget "MarvelAppTests" */;
			buildPhases = (
				41561FD423EB59B100AAF8E7 /* Sources */,
				41561FD523EB59B100AAF8E7 /* Frameworks */,
				41561FD623EB59B100AAF8E7 /* Resources */,
			);
			buildRules = (
			);
			dependencies = (
				41561FDA23EB59B100AAF8E7 /* PBXTargetDependency */,
			);
			name = MarvelAppTests;
			productName = MarvelAppTests;
			productReference = 41561FD823EB59B100AAF8E7 /* MarvelAppTests.xctest */;
			productType = "com.apple.product-type.bundle.unit-test";
		};
		41561FE223EB59B100AAF8E7 /* MarvelAppUITests */ = {
			isa = PBXNativeTarget;
			buildConfigurationList = 41561FF223EB59B100AAF8E7 /* Build configuration list for PBXNativeTarget "MarvelAppUITests" */;
			buildPhases = (
				41561FDF23EB59B100AAF8E7 /* Sources */,
				41561FE023EB59B100AAF8E7 /* Frameworks */,
				41561FE123EB59B100AAF8E7 /* Resources */,
			);
			buildRules = (
			);
			dependencies = (
				41561FE523EB59B100AAF8E7 /* PBXTargetDependency */,
			);
			name = MarvelAppUITests;
			productName = MarvelAppUITests;
			productReference = 41561FE323EB59B100AAF8E7 /* MarvelAppUITests.xctest */;
			productType = "com.apple.product-type.bundle.ui-testing";
		};
/* End PBXNativeTarget section */

/* Begin PBXProject section */
		41561FBA23EB59AF00AAF8E7 /* Project object */ = {
			isa = PBXProject;
			attributes = {
				LastSwiftUpdateCheck = 1110;
				LastUpgradeCheck = 1110;
				ORGANIZATIONNAME = RodrigoPacheco;
				TargetAttributes = {
					41561FC123EB59AF00AAF8E7 = {
						CreatedOnToolsVersion = 11.1;
					};
					41561FD723EB59B100AAF8E7 = {
						CreatedOnToolsVersion = 11.1;
						TestTargetID = 41561FC123EB59AF00AAF8E7;
					};
					41561FE223EB59B100AAF8E7 = {
						CreatedOnToolsVersion = 11.1;
						TestTargetID = 41561FC123EB59AF00AAF8E7;
					};
				};
			};
			buildConfigurationList = 41561FBD23EB59AF00AAF8E7 /* Build configuration list for PBXProject "MarvelApp" */;
			compatibilityVersion = "Xcode 9.3";
			developmentRegion = en;
			hasScannedForEncodings = 0;
			knownRegions = (
				en,
				Base,
			);
			mainGroup = 41561FB923EB59AF00AAF8E7;
			productRefGroup = 41561FC323EB59AF00AAF8E7 /* Products */;
			projectDirPath = "";
			projectRoot = "";
			targets = (
				41561FC123EB59AF00AAF8E7 /* MarvelApp */,
				41561FD723EB59B100AAF8E7 /* MarvelAppTests */,
				41561FE223EB59B100AAF8E7 /* MarvelAppUITests */,
			);
		};
/* End PBXProject section */

/* Begin PBXResourcesBuildPhase section */
		41561FC023EB59AF00AAF8E7 /* Resources */ = {
			isa = PBXResourcesBuildPhase;
			buildActionMask = 2147483647;
			files = (
				41CD152323EBC21C00008951 /* CharacterCollectionViewCell.xib in Resources */,
				41561FD223EB59B100AAF8E7 /* LaunchScreen.storyboard in Resources */,
				41CD152023EBBECE00008951 /* CharactersListViewController.xib in Resources */,
				41561FCF23EB59B100AAF8E7 /* Assets.xcassets in Resources */,
			);
			runOnlyForDeploymentPostprocessing = 0;
		};
		41561FD623EB59B100AAF8E7 /* Resources */ = {
			isa = PBXResourcesBuildPhase;
			buildActionMask = 2147483647;
			files = (
			);
			runOnlyForDeploymentPostprocessing = 0;
		};
		41561FE123EB59B100AAF8E7 /* Resources */ = {
			isa = PBXResourcesBuildPhase;
			buildActionMask = 2147483647;
			files = (
			);
			runOnlyForDeploymentPostprocessing = 0;
		};
/* End PBXResourcesBuildPhase section */

/* Begin PBXSourcesBuildPhase section */
		41561FBE23EB59AF00AAF8E7 /* Sources */ = {
			isa = PBXSourcesBuildPhase;
			buildActionMask = 2147483647;
			files = (
				41CD150423EB91D100008951 /* MarvelApiEndpoint.swift in Sources */,
				41CD150823EB977600008951 /* String+md5.swift in Sources */,
				41CD151823EBA20900008951 /* ThumbImage.swift in Sources */,
				41CD151223EB9F8A00008951 /* Character.swift in Sources */,
				41CD152923EBC43F00008951 /* CharactersListPresenter.swift in Sources */,
				41561FCA23EB59AF00AAF8E7 /* CharactersListViewController.swift in Sources */,
				41561FC623EB59AF00AAF8E7 /* AppDelegate.swift in Sources */,
				41CD150223EB90BD00008951 /* MarvelApiError.swift in Sources */,
				41CD150623EB92E000008951 /* MarvelApiConfig.swift in Sources */,
				41CD152723EBC2D100008951 /* CharacterCollectionViewCell.swift in Sources */,
				41CD151423EBA06400008951 /* Comic.swift in Sources */,
				41CD150A23EB9AC200008951 /* MarvelApiProvider.swift in Sources */,
				41CD150E23EB9DFD00008951 /* DataPackage.swift in Sources */,
				41561FC823EB59AF00AAF8E7 /* SceneDelegate.swift in Sources */,
			);
			runOnlyForDeploymentPostprocessing = 0;
		};
		41561FD423EB59B100AAF8E7 /* Sources */ = {
			isa = PBXSourcesBuildPhase;
			buildActionMask = 2147483647;
			files = (
				41561FDD23EB59B100AAF8E7 /* MarvelAppTests.swift in Sources */,
			);
			runOnlyForDeploymentPostprocessing = 0;
		};
		41561FDF23EB59B100AAF8E7 /* Sources */ = {
			isa = PBXSourcesBuildPhase;
			buildActionMask = 2147483647;
			files = (
				41561FE823EB59B100AAF8E7 /* MarvelAppUITests.swift in Sources */,
			);
			runOnlyForDeploymentPostprocessing = 0;
		};
/* End PBXSourcesBuildPhase section */

/* Begin PBXTargetDependency section */
		41561FDA23EB59B100AAF8E7 /* PBXTargetDependency */ = {
			isa = PBXTargetDependency;
			target = 41561FC123EB59AF00AAF8E7 /* MarvelApp */;
			targetProxy = 41561FD923EB59B100AAF8E7 /* PBXContainerItemProxy */;
		};
		41561FE523EB59B100AAF8E7 /* PBXTargetDependency */ = {
			isa = PBXTargetDependency;
			target = 41561FC123EB59AF00AAF8E7 /* MarvelApp */;
			targetProxy = 41561FE423EB59B100AAF8E7 /* PBXContainerItemProxy */;
		};
/* End PBXTargetDependency section */

/* Begin PBXVariantGroup section */
		41561FD023EB59B100AAF8E7 /* LaunchScreen.storyboard */ = {
			isa = PBXVariantGroup;
			children = (
				41561FD123EB59B100AAF8E7 /* Base */,
			);
			name = LaunchScreen.storyboard;
			sourceTree = "<group>";
		};
/* End PBXVariantGroup section */

/* Begin XCBuildConfiguration section */
		41561FEA23EB59B100AAF8E7 /* Debug */ = {
			isa = XCBuildConfiguration;
			buildSettings = {
				ALWAYS_SEARCH_USER_PATHS = NO;
				CLANG_ANALYZER_NONNULL = YES;
				CLANG_ANALYZER_NUMBER_OBJECT_CONVERSION = YES_AGGRESSIVE;
				CLANG_CXX_LANGUAGE_STANDARD = "gnu++14";
				CLANG_CXX_LIBRARY = "libc++";
				CLANG_ENABLE_MODULES = YES;
				CLANG_ENABLE_OBJC_ARC = YES;
				CLANG_ENABLE_OBJC_WEAK = YES;
				CLANG_WARN_BLOCK_CAPTURE_AUTORELEASING = YES;
				CLANG_WARN_BOOL_CONVERSION = YES;
				CLANG_WARN_COMMA = YES;
				CLANG_WARN_CONSTANT_CONVERSION = YES;
				CLANG_WARN_DEPRECATED_OBJC_IMPLEMENTATIONS = YES;
				CLANG_WARN_DIRECT_OBJC_ISA_USAGE = YES_ERROR;
				CLANG_WARN_DOCUMENTATION_COMMENTS = YES;
				CLANG_WARN_EMPTY_BODY = YES;
				CLANG_WARN_ENUM_CONVERSION = YES;
				CLANG_WARN_INFINITE_RECURSION = YES;
				CLANG_WARN_INT_CONVERSION = YES;
				CLANG_WARN_NON_LITERAL_NULL_CONVERSION = YES;
				CLANG_WARN_OBJC_IMPLICIT_RETAIN_SELF = YES;
				CLANG_WARN_OBJC_LITERAL_CONVERSION = YES;
				CLANG_WARN_OBJC_ROOT_CLASS = YES_ERROR;
				CLANG_WARN_RANGE_LOOP_ANALYSIS = YES;
				CLANG_WARN_STRICT_PROTOTYPES = YES;
				CLANG_WARN_SUSPICIOUS_MOVE = YES;
				CLANG_WARN_UNGUARDED_AVAILABILITY = YES_AGGRESSIVE;
				CLANG_WARN_UNREACHABLE_CODE = YES;
				CLANG_WARN__DUPLICATE_METHOD_MATCH = YES;
				COPY_PHASE_STRIP = NO;
				DEBUG_INFORMATION_FORMAT = dwarf;
				ENABLE_STRICT_OBJC_MSGSEND = YES;
				ENABLE_TESTABILITY = YES;
				GCC_C_LANGUAGE_STANDARD = gnu11;
				GCC_DYNAMIC_NO_PIC = NO;
				GCC_NO_COMMON_BLOCKS = YES;
				GCC_OPTIMIZATION_LEVEL = 0;
				GCC_PREPROCESSOR_DEFINITIONS = (
					"DEBUG=1",
					"$(inherited)",
				);
				GCC_WARN_64_TO_32_BIT_CONVERSION = YES;
				GCC_WARN_ABOUT_RETURN_TYPE = YES_ERROR;
				GCC_WARN_UNDECLARED_SELECTOR = YES;
				GCC_WARN_UNINITIALIZED_AUTOS = YES_AGGRESSIVE;
				GCC_WARN_UNUSED_FUNCTION = YES;
				GCC_WARN_UNUSED_VARIABLE = YES;
				IPHONEOS_DEPLOYMENT_TARGET = 13.1;
				MTL_ENABLE_DEBUG_INFO = INCLUDE_SOURCE;
				MTL_FAST_MATH = YES;
				ONLY_ACTIVE_ARCH = YES;
				SDKROOT = iphoneos;
				SWIFT_ACTIVE_COMPILATION_CONDITIONS = DEBUG;
				SWIFT_OPTIMIZATION_LEVEL = "-Onone";
			};
			name = Debug;
		};
		41561FEB23EB59B100AAF8E7 /* Release */ = {
			isa = XCBuildConfiguration;
			buildSettings = {
				ALWAYS_SEARCH_USER_PATHS = NO;
				CLANG_ANALYZER_NONNULL = YES;
				CLANG_ANALYZER_NUMBER_OBJECT_CONVERSION = YES_AGGRESSIVE;
				CLANG_CXX_LANGUAGE_STANDARD = "gnu++14";
				CLANG_CXX_LIBRARY = "libc++";
				CLANG_ENABLE_MODULES = YES;
				CLANG_ENABLE_OBJC_ARC = YES;
				CLANG_ENABLE_OBJC_WEAK = YES;
				CLANG_WARN_BLOCK_CAPTURE_AUTORELEASING = YES;
				CLANG_WARN_BOOL_CONVERSION = YES;
				CLANG_WARN_COMMA = YES;
				CLANG_WARN_CONSTANT_CONVERSION = YES;
				CLANG_WARN_DEPRECATED_OBJC_IMPLEMENTATIONS = YES;
				CLANG_WARN_DIRECT_OBJC_ISA_USAGE = YES_ERROR;
				CLANG_WARN_DOCUMENTATION_COMMENTS = YES;
				CLANG_WARN_EMPTY_BODY = YES;
				CLANG_WARN_ENUM_CONVERSION = YES;
				CLANG_WARN_INFINITE_RECURSION = YES;
				CLANG_WARN_INT_CONVERSION = YES;
				CLANG_WARN_NON_LITERAL_NULL_CONVERSION = YES;
				CLANG_WARN_OBJC_IMPLICIT_RETAIN_SELF = YES;
				CLANG_WARN_OBJC_LITERAL_CONVERSION = YES;
				CLANG_WARN_OBJC_ROOT_CLASS = YES_ERROR;
				CLANG_WARN_RANGE_LOOP_ANALYSIS = YES;
				CLANG_WARN_STRICT_PROTOTYPES = YES;
				CLANG_WARN_SUSPICIOUS_MOVE = YES;
				CLANG_WARN_UNGUARDED_AVAILABILITY = YES_AGGRESSIVE;
				CLANG_WARN_UNREACHABLE_CODE = YES;
				CLANG_WARN__DUPLICATE_METHOD_MATCH = YES;
				COPY_PHASE_STRIP = NO;
				DEBUG_INFORMATION_FORMAT = "dwarf-with-dsym";
				ENABLE_NS_ASSERTIONS = NO;
				ENABLE_STRICT_OBJC_MSGSEND = YES;
				GCC_C_LANGUAGE_STANDARD = gnu11;
				GCC_NO_COMMON_BLOCKS = YES;
				GCC_WARN_64_TO_32_BIT_CONVERSION = YES;
				GCC_WARN_ABOUT_RETURN_TYPE = YES_ERROR;
				GCC_WARN_UNDECLARED_SELECTOR = YES;
				GCC_WARN_UNINITIALIZED_AUTOS = YES_AGGRESSIVE;
				GCC_WARN_UNUSED_FUNCTION = YES;
				GCC_WARN_UNUSED_VARIABLE = YES;
				IPHONEOS_DEPLOYMENT_TARGET = 13.1;
				MTL_ENABLE_DEBUG_INFO = NO;
				MTL_FAST_MATH = YES;
				SDKROOT = iphoneos;
				SWIFT_COMPILATION_MODE = wholemodule;
				SWIFT_OPTIMIZATION_LEVEL = "-O";
				VALIDATE_PRODUCT = YES;
			};
			name = Release;
		};
		41561FED23EB59B100AAF8E7 /* Debug */ = {
			isa = XCBuildConfiguration;
			buildSettings = {
				ASSETCATALOG_COMPILER_APPICON_NAME = AppIcon;
				CODE_SIGN_STYLE = Automatic;
				DEVELOPMENT_TEAM = 3V4WKADE8S;
				INFOPLIST_FILE = MarvelApp/Info.plist;
				LD_RUNPATH_SEARCH_PATHS = (
					"$(inherited)",
					"@executable_path/Frameworks",
				);
				PRODUCT_BUNDLE_IDENTIFIER = com.rodrigoPacheco.MarvelApp;
				PRODUCT_NAME = "$(TARGET_NAME)";
				SWIFT_VERSION = 5.0;
				TARGETED_DEVICE_FAMILY = "1,2";
			};
			name = Debug;
		};
		41561FEE23EB59B100AAF8E7 /* Release */ = {
			isa = XCBuildConfiguration;
			buildSettings = {
				ASSETCATALOG_COMPILER_APPICON_NAME = AppIcon;
				CODE_SIGN_STYLE = Automatic;
				DEVELOPMENT_TEAM = 3V4WKADE8S;
				INFOPLIST_FILE = MarvelApp/Info.plist;
				LD_RUNPATH_SEARCH_PATHS = (
					"$(inherited)",
					"@executable_path/Frameworks",
				);
				PRODUCT_BUNDLE_IDENTIFIER = com.rodrigoPacheco.MarvelApp;
				PRODUCT_NAME = "$(TARGET_NAME)";
				SWIFT_VERSION = 5.0;
				TARGETED_DEVICE_FAMILY = "1,2";
			};
			name = Release;
		};
		41561FF023EB59B100AAF8E7 /* Debug */ = {
			isa = XCBuildConfiguration;
			buildSettings = {
				ALWAYS_EMBED_SWIFT_STANDARD_LIBRARIES = YES;
				BUNDLE_LOADER = "$(TEST_HOST)";
				CODE_SIGN_STYLE = Automatic;
				DEVELOPMENT_TEAM = 3V4WKADE8S;
				INFOPLIST_FILE = MarvelAppTests/Info.plist;
				IPHONEOS_DEPLOYMENT_TARGET = 13.1;
				LD_RUNPATH_SEARCH_PATHS = (
					"$(inherited)",
					"@executable_path/Frameworks",
					"@loader_path/Frameworks",
				);
				PRODUCT_BUNDLE_IDENTIFIER = com.rodrigoPacheco.MarvelAppTests;
				PRODUCT_NAME = "$(TARGET_NAME)";
				SWIFT_VERSION = 5.0;
				TARGETED_DEVICE_FAMILY = "1,2";
				TEST_HOST = "$(BUILT_PRODUCTS_DIR)/MarvelApp.app/MarvelApp";
			};
			name = Debug;
		};
		41561FF123EB59B100AAF8E7 /* Release */ = {
			isa = XCBuildConfiguration;
			buildSettings = {
				ALWAYS_EMBED_SWIFT_STANDARD_LIBRARIES = YES;
				BUNDLE_LOADER = "$(TEST_HOST)";
				CODE_SIGN_STYLE = Automatic;
				DEVELOPMENT_TEAM = 3V4WKADE8S;
				INFOPLIST_FILE = MarvelAppTests/Info.plist;
				IPHONEOS_DEPLOYMENT_TARGET = 13.1;
				LD_RUNPATH_SEARCH_PATHS = (
					"$(inherited)",
					"@executable_path/Frameworks",
					"@loader_path/Frameworks",
				);
				PRODUCT_BUNDLE_IDENTIFIER = com.rodrigoPacheco.MarvelAppTests;
				PRODUCT_NAME = "$(TARGET_NAME)";
				SWIFT_VERSION = 5.0;
				TARGETED_DEVICE_FAMILY = "1,2";
				TEST_HOST = "$(BUILT_PRODUCTS_DIR)/MarvelApp.app/MarvelApp";
			};
			name = Release;
		};
		41561FF323EB59B100AAF8E7 /* Debug */ = {
			isa = XCBuildConfiguration;
			buildSettings = {
				ALWAYS_EMBED_SWIFT_STANDARD_LIBRARIES = YES;
				CODE_SIGN_STYLE = Automatic;
				DEVELOPMENT_TEAM = 3V4WKADE8S;
				INFOPLIST_FILE = MarvelAppUITests/Info.plist;
				LD_RUNPATH_SEARCH_PATHS = (
					"$(inherited)",
					"@executable_path/Frameworks",
					"@loader_path/Frameworks",
				);
				PRODUCT_BUNDLE_IDENTIFIER = com.rodrigoPacheco.MarvelAppUITests;
				PRODUCT_NAME = "$(TARGET_NAME)";
				SWIFT_VERSION = 5.0;
				TARGETED_DEVICE_FAMILY = "1,2";
				TEST_TARGET_NAME = MarvelApp;
			};
			name = Debug;
		};
		41561FF423EB59B100AAF8E7 /* Release */ = {
			isa = XCBuildConfiguration;
			buildSettings = {
				ALWAYS_EMBED_SWIFT_STANDARD_LIBRARIES = YES;
				CODE_SIGN_STYLE = Automatic;
				DEVELOPMENT_TEAM = 3V4WKADE8S;
				INFOPLIST_FILE = MarvelAppUITests/Info.plist;
				LD_RUNPATH_SEARCH_PATHS = (
					"$(inherited)",
					"@executable_path/Frameworks",
					"@loader_path/Frameworks",
				);
				PRODUCT_BUNDLE_IDENTIFIER = com.rodrigoPacheco.MarvelAppUITests;
				PRODUCT_NAME = "$(TARGET_NAME)";
				SWIFT_VERSION = 5.0;
				TARGETED_DEVICE_FAMILY = "1,2";
				TEST_TARGET_NAME = MarvelApp;
			};
			name = Release;
		};
/* End XCBuildConfiguration section */

/* Begin XCConfigurationList section */
		41561FBD23EB59AF00AAF8E7 /* Build configuration list for PBXProject "MarvelApp" */ = {
			isa = XCConfigurationList;
			buildConfigurations = (
				41561FEA23EB59B100AAF8E7 /* Debug */,
				41561FEB23EB59B100AAF8E7 /* Release */,
			);
			defaultConfigurationIsVisible = 0;
			defaultConfigurationName = Release;
		};
		41561FEC23EB59B100AAF8E7 /* Build configuration list for PBXNativeTarget "MarvelApp" */ = {
			isa = XCConfigurationList;
			buildConfigurations = (
				41561FED23EB59B100AAF8E7 /* Debug */,
				41561FEE23EB59B100AAF8E7 /* Release */,
			);
			defaultConfigurationIsVisible = 0;
			defaultConfigurationName = Release;
		};
		41561FEF23EB59B100AAF8E7 /* Build configuration list for PBXNativeTarget "MarvelAppTests" */ = {
			isa = XCConfigurationList;
			buildConfigurations = (
				41561FF023EB59B100AAF8E7 /* Debug */,
				41561FF123EB59B100AAF8E7 /* Release */,
			);
			defaultConfigurationIsVisible = 0;
			defaultConfigurationName = Release;
		};
		41561FF223EB59B100AAF8E7 /* Build configuration list for PBXNativeTarget "MarvelAppUITests" */ = {
			isa = XCConfigurationList;
			buildConfigurations = (
				41561FF323EB59B100AAF8E7 /* Debug */,
				41561FF423EB59B100AAF8E7 /* Release */,
			);
			defaultConfigurationIsVisible = 0;
			defaultConfigurationName = Release;
		};
/* End XCConfigurationList section */
	};
	rootObject = 41561FBA23EB59AF00AAF8E7 /* Project object */;
}
